// !$*UTF8*$!
{
	archiveVersion = 1;
	classes = {
	};
	objectVersion = 46;
	objects = {

/* Begin PBXBuildFile section */
		6A33AF38190B226900EE76A6 /* Foundation.framework in Frameworks */ = {isa = PBXBuildFile; fileRef = 6A33AF37190B226900EE76A6 /* Foundation.framework */; };
		6A33AF3A190B226900EE76A6 /* CoreGraphics.framework in Frameworks */ = {isa = PBXBuildFile; fileRef = 6A33AF39190B226900EE76A6 /* CoreGraphics.framework */; };
		6A33AF3C190B226900EE76A6 /* UIKit.framework in Frameworks */ = {isa = PBXBuildFile; fileRef = 6A33AF3B190B226900EE76A6 /* UIKit.framework */; };
		6A33AF42190B226900EE76A6 /* InfoPlist.strings in Resources */ = {isa = PBXBuildFile; fileRef = 6A33AF40190B226900EE76A6 /* InfoPlist.strings */; };
		6A33AF44190B226900EE76A6 /* main.m in Sources */ = {isa = PBXBuildFile; fileRef = 6A33AF43190B226900EE76A6 /* main.m */; };
		6A33AF48190B226900EE76A6 /* CTAppDelegate.m in Sources */ = {isa = PBXBuildFile; fileRef = 6A33AF47190B226900EE76A6 /* CTAppDelegate.m */; };
		6A33AF4B190B226900EE76A6 /* Main.storyboard in Resources */ = {isa = PBXBuildFile; fileRef = 6A33AF49190B226900EE76A6 /* Main.storyboard */; };
		6A33AF4E190B226900EE76A6 /* CTViewController.m in Sources */ = {isa = PBXBuildFile; fileRef = 6A33AF4D190B226900EE76A6 /* CTViewController.m */; };
		6A33AF50190B226900EE76A6 /* Images.xcassets in Resources */ = {isa = PBXBuildFile; fileRef = 6A33AF4F190B226900EE76A6 /* Images.xcassets */; };
		6A33AF57190B226900EE76A6 /* XCTest.framework in Frameworks */ = {isa = PBXBuildFile; fileRef = 6A33AF56190B226900EE76A6 /* XCTest.framework */; };
		6A33AF58190B226900EE76A6 /* Foundation.framework in Frameworks */ = {isa = PBXBuildFile; fileRef = 6A33AF37190B226900EE76A6 /* Foundation.framework */; };
		6A33AF59190B226900EE76A6 /* UIKit.framework in Frameworks */ = {isa = PBXBuildFile; fileRef = 6A33AF3B190B226900EE76A6 /* UIKit.framework */; };
		6A33AF61190B226900EE76A6 /* InfoPlist.strings in Resources */ = {isa = PBXBuildFile; fileRef = 6A33AF5F190B226900EE76A6 /* InfoPlist.strings */; };
		6A33AF73190B2AA400EE76A6 /* CTFluentLogger.m in Sources */ = {isa = PBXBuildFile; fileRef = 6A33AF72190B2AA400EE76A6 /* CTFluentLogger.m */; };
		6A33AF74190B2AA400EE76A6 /* CTFluentLogger.m in Sources */ = {isa = PBXBuildFile; fileRef = 6A33AF72190B2AA400EE76A6 /* CTFluentLogger.m */; };
		6A33AF7B190B5D5300EE76A6 /* Cocoa.framework in Frameworks */ = {isa = PBXBuildFile; fileRef = 6A33AF7A190B5D5300EE76A6 /* Cocoa.framework */; };
		6A33AF85190B5D5300EE76A6 /* InfoPlist.strings in Resources */ = {isa = PBXBuildFile; fileRef = 6A33AF83190B5D5300EE76A6 /* InfoPlist.strings */; };
		6A33AF87190B5D5300EE76A6 /* main.m in Sources */ = {isa = PBXBuildFile; fileRef = 6A33AF86190B5D5300EE76A6 /* main.m */; };
		6A33AF8B190B5D5300EE76A6 /* Credits.rtf in Resources */ = {isa = PBXBuildFile; fileRef = 6A33AF89190B5D5300EE76A6 /* Credits.rtf */; };
		6A33AF8E190B5D5300EE76A6 /* CTAppDelegate.m in Sources */ = {isa = PBXBuildFile; fileRef = 6A33AF8D190B5D5300EE76A6 /* CTAppDelegate.m */; };
		6A33AF91190B5D5300EE76A6 /* MainMenu.xib in Resources */ = {isa = PBXBuildFile; fileRef = 6A33AF8F190B5D5300EE76A6 /* MainMenu.xib */; };
		6A33AF93190B5D5300EE76A6 /* Images.xcassets in Resources */ = {isa = PBXBuildFile; fileRef = 6A33AF92190B5D5300EE76A6 /* Images.xcassets */; };
		6A33AF99190B5D5300EE76A6 /* XCTest.framework in Frameworks */ = {isa = PBXBuildFile; fileRef = 6A33AF56190B226900EE76A6 /* XCTest.framework */; };
		6A33AF9A190B5D5300EE76A6 /* Cocoa.framework in Frameworks */ = {isa = PBXBuildFile; fileRef = 6A33AF7A190B5D5300EE76A6 /* Cocoa.framework */; };
		6A33AFA2190B5D5300EE76A6 /* InfoPlist.strings in Resources */ = {isa = PBXBuildFile; fileRef = 6A33AFA0190B5D5300EE76A6 /* InfoPlist.strings */; };
		6A33AFA4190B5D5300EE76A6 /* CTFluentLoggerSampleMacTests.m in Sources */ = {isa = PBXBuildFile; fileRef = 6A33AFA3190B5D5300EE76A6 /* CTFluentLoggerSampleMacTests.m */; };
		6A33AFAB190B5F7500EE76A6 /* CTFluentLogger.m in Sources */ = {isa = PBXBuildFile; fileRef = 6A33AF72190B2AA400EE76A6 /* CTFluentLogger.m */; };
		6A33AFAC190B5F7600EE76A6 /* CTFluentLogger.m in Sources */ = {isa = PBXBuildFile; fileRef = 6A33AF72190B2AA400EE76A6 /* CTFluentLogger.m */; };
		C2140B2C66A69997194E694D /* libPods-CTFluentLoggerSample.a in Frameworks */ = {isa = PBXBuildFile; fileRef = E6211B71544CDD843AC262C0 /* libPods-CTFluentLoggerSample.a */; };
		CDFBDCB3D15AD43C61B0B10E /* libPods-CTFluentLoggerSampleMac.a in Frameworks */ = {isa = PBXBuildFile; fileRef = 826EE57FDDDB13D9A34E893B /* libPods-CTFluentLoggerSampleMac.a */; };
/* End PBXBuildFile section */

/* Begin PBXContainerItemProxy section */
		6A33AF5A190B226900EE76A6 /* PBXContainerItemProxy */ = {
			isa = PBXContainerItemProxy;
			containerPortal = 6A33AF2C190B226900EE76A6 /* Project object */;
			proxyType = 1;
			remoteGlobalIDString = 6A33AF33190B226900EE76A6;
			remoteInfo = CTFluentLoggerSample;
		};
		6A33AF9B190B5D5300EE76A6 /* PBXContainerItemProxy */ = {
			isa = PBXContainerItemProxy;
			containerPortal = 6A33AF2C190B226900EE76A6 /* Project object */;
			proxyType = 1;
			remoteGlobalIDString = 6A33AF78190B5D5300EE76A6;
			remoteInfo = CTFluentLoggerSampleMac;
		};
/* End PBXContainerItemProxy section */

/* Begin PBXFileReference section */
		6A33AF34190B226900EE76A6 /* CTFluentLoggerSample.app */ = {isa = PBXFileReference; explicitFileType = wrapper.application; includeInIndex = 0; path = CTFluentLoggerSample.app; sourceTree = BUILT_PRODUCTS_DIR; };
		6A33AF37190B226900EE76A6 /* Foundation.framework */ = {isa = PBXFileReference; lastKnownFileType = wrapper.framework; name = Foundation.framework; path = System/Library/Frameworks/Foundation.framework; sourceTree = SDKROOT; };
		6A33AF39190B226900EE76A6 /* CoreGraphics.framework */ = {isa = PBXFileReference; lastKnownFileType = wrapper.framework; name = CoreGraphics.framework; path = System/Library/Frameworks/CoreGraphics.framework; sourceTree = SDKROOT; };
		6A33AF3B190B226900EE76A6 /* UIKit.framework */ = {isa = PBXFileReference; lastKnownFileType = wrapper.framework; name = UIKit.framework; path = System/Library/Frameworks/UIKit.framework; sourceTree = SDKROOT; };
		6A33AF3F190B226900EE76A6 /* CTFluentLoggerSample-Info.plist */ = {isa = PBXFileReference; lastKnownFileType = text.plist.xml; path = "CTFluentLoggerSample-Info.plist"; sourceTree = "<group>"; };
		6A33AF41190B226900EE76A6 /* en */ = {isa = PBXFileReference; lastKnownFileType = text.plist.strings; name = en; path = en.lproj/InfoPlist.strings; sourceTree = "<group>"; };
		6A33AF43190B226900EE76A6 /* main.m */ = {isa = PBXFileReference; lastKnownFileType = sourcecode.c.objc; path = main.m; sourceTree = "<group>"; };
		6A33AF45190B226900EE76A6 /* CTFluentLoggerSample-Prefix.pch */ = {isa = PBXFileReference; lastKnownFileType = sourcecode.c.h; path = "CTFluentLoggerSample-Prefix.pch"; sourceTree = "<group>"; };
		6A33AF46190B226900EE76A6 /* CTAppDelegate.h */ = {isa = PBXFileReference; lastKnownFileType = sourcecode.c.h; path = CTAppDelegate.h; sourceTree = "<group>"; };
		6A33AF47190B226900EE76A6 /* CTAppDelegate.m */ = {isa = PBXFileReference; lastKnownFileType = sourcecode.c.objc; path = CTAppDelegate.m; sourceTree = "<group>"; };
		6A33AF4A190B226900EE76A6 /* Base */ = {isa = PBXFileReference; lastKnownFileType = file.storyboard; name = Base; path = Base.lproj/Main.storyboard; sourceTree = "<group>"; };
		6A33AF4C190B226900EE76A6 /* CTViewController.h */ = {isa = PBXFileReference; lastKnownFileType = sourcecode.c.h; path = CTViewController.h; sourceTree = "<group>"; };
		6A33AF4D190B226900EE76A6 /* CTViewController.m */ = {isa = PBXFileReference; lastKnownFileType = sourcecode.c.objc; path = CTViewController.m; sourceTree = "<group>"; };
		6A33AF4F190B226900EE76A6 /* Images.xcassets */ = {isa = PBXFileReference; lastKnownFileType = folder.assetcatalog; path = Images.xcassets; sourceTree = "<group>"; };
		6A33AF55190B226900EE76A6 /* CTFluentLoggerSampleTests.xctest */ = {isa = PBXFileReference; explicitFileType = wrapper.cfbundle; includeInIndex = 0; path = CTFluentLoggerSampleTests.xctest; sourceTree = BUILT_PRODUCTS_DIR; };
		6A33AF56190B226900EE76A6 /* XCTest.framework */ = {isa = PBXFileReference; lastKnownFileType = wrapper.framework; name = XCTest.framework; path = Library/Frameworks/XCTest.framework; sourceTree = DEVELOPER_DIR; };
		6A33AF5E190B226900EE76A6 /* CTFluentLoggerSampleTests-Info.plist */ = {isa = PBXFileReference; lastKnownFileType = text.plist.xml; path = "CTFluentLoggerSampleTests-Info.plist"; sourceTree = "<group>"; };
		6A33AF60190B226900EE76A6 /* en */ = {isa = PBXFileReference; lastKnownFileType = text.plist.strings; name = en; path = en.lproj/InfoPlist.strings; sourceTree = "<group>"; };
		6A33AF71190B2AA400EE76A6 /* CTFluentLogger.h */ = {isa = PBXFileReference; fileEncoding = 4; lastKnownFileType = sourcecode.c.h; name = CTFluentLogger.h; path = ../Classes/CTFluentLogger.h; sourceTree = "<group>"; };
		6A33AF72190B2AA400EE76A6 /* CTFluentLogger.m */ = {isa = PBXFileReference; fileEncoding = 4; lastKnownFileType = sourcecode.c.objc; name = CTFluentLogger.m; path = ../Classes/CTFluentLogger.m; sourceTree = "<group>"; };
		6A33AF79190B5D5300EE76A6 /* CTFluentLoggerSampleMac.app */ = {isa = PBXFileReference; explicitFileType = wrapper.application; includeInIndex = 0; path = CTFluentLoggerSampleMac.app; sourceTree = BUILT_PRODUCTS_DIR; };
		6A33AF7A190B5D5300EE76A6 /* Cocoa.framework */ = {isa = PBXFileReference; lastKnownFileType = wrapper.framework; name = Cocoa.framework; path = Library/Frameworks/Cocoa.framework; sourceTree = DEVELOPER_DIR; };
		6A33AF7D190B5D5300EE76A6 /* AppKit.framework */ = {isa = PBXFileReference; lastKnownFileType = wrapper.framework; name = AppKit.framework; path = Library/Frameworks/AppKit.framework; sourceTree = SDKROOT; };
		6A33AF7E190B5D5300EE76A6 /* CoreData.framework */ = {isa = PBXFileReference; lastKnownFileType = wrapper.framework; name = CoreData.framework; path = Library/Frameworks/CoreData.framework; sourceTree = SDKROOT; };
		6A33AF7F190B5D5300EE76A6 /* Foundation.framework */ = {isa = PBXFileReference; lastKnownFileType = wrapper.framework; name = Foundation.framework; path = Library/Frameworks/Foundation.framework; sourceTree = SDKROOT; };
		6A33AF82190B5D5300EE76A6 /* CTFluentLoggerSampleMac-Info.plist */ = {isa = PBXFileReference; lastKnownFileType = text.plist.xml; path = "CTFluentLoggerSampleMac-Info.plist"; sourceTree = "<group>"; };
		6A33AF84190B5D5300EE76A6 /* en */ = {isa = PBXFileReference; lastKnownFileType = text.plist.strings; name = en; path = en.lproj/InfoPlist.strings; sourceTree = "<group>"; };
		6A33AF86190B5D5300EE76A6 /* main.m */ = {isa = PBXFileReference; lastKnownFileType = sourcecode.c.objc; path = main.m; sourceTree = "<group>"; };
		6A33AF88190B5D5300EE76A6 /* CTFluentLoggerSampleMac-Prefix.pch */ = {isa = PBXFileReference; lastKnownFileType = sourcecode.c.h; path = "CTFluentLoggerSampleMac-Prefix.pch"; sourceTree = "<group>"; };
		6A33AF8A190B5D5300EE76A6 /* en */ = {isa = PBXFileReference; lastKnownFileType = text.rtf; name = en; path = en.lproj/Credits.rtf; sourceTree = "<group>"; };
		6A33AF8C190B5D5300EE76A6 /* CTAppDelegate.h */ = {isa = PBXFileReference; lastKnownFileType = sourcecode.c.h; path = CTAppDelegate.h; sourceTree = "<group>"; };
		6A33AF8D190B5D5300EE76A6 /* CTAppDelegate.m */ = {isa = PBXFileReference; lastKnownFileType = sourcecode.c.objc; path = CTAppDelegate.m; sourceTree = "<group>"; };
		6A33AF90190B5D5300EE76A6 /* Base */ = {isa = PBXFileReference; lastKnownFileType = file.xib; name = Base; path = Base.lproj/MainMenu.xib; sourceTree = "<group>"; };
		6A33AF92190B5D5300EE76A6 /* Images.xcassets */ = {isa = PBXFileReference; lastKnownFileType = folder.assetcatalog; path = Images.xcassets; sourceTree = "<group>"; };
		6A33AF98190B5D5300EE76A6 /* CTFluentLoggerSampleMacTests.xctest */ = {isa = PBXFileReference; explicitFileType = wrapper.cfbundle; includeInIndex = 0; path = CTFluentLoggerSampleMacTests.xctest; sourceTree = BUILT_PRODUCTS_DIR; };
		6A33AF9F190B5D5300EE76A6 /* CTFluentLoggerSampleMacTests-Info.plist */ = {isa = PBXFileReference; lastKnownFileType = text.plist.xml; path = "CTFluentLoggerSampleMacTests-Info.plist"; sourceTree = "<group>"; };
		6A33AFA1190B5D5300EE76A6 /* en */ = {isa = PBXFileReference; lastKnownFileType = text.plist.strings; name = en; path = en.lproj/InfoPlist.strings; sourceTree = "<group>"; };
		6A33AFA3190B5D5300EE76A6 /* CTFluentLoggerSampleMacTests.m */ = {isa = PBXFileReference; lastKnownFileType = sourcecode.c.objc; path = CTFluentLoggerSampleMacTests.m; sourceTree = "<group>"; };
		7E41F2BF8B7E0D50207FC949 /* Pods-CTFluentLoggerSample.release.xcconfig */ = {isa = PBXFileReference; includeInIndex = 1; lastKnownFileType = text.xcconfig; name = "Pods-CTFluentLoggerSample.release.xcconfig"; path = "Pods/Target Support Files/Pods-CTFluentLoggerSample/Pods-CTFluentLoggerSample.release.xcconfig"; sourceTree = "<group>"; };
		826EE57FDDDB13D9A34E893B /* libPods-CTFluentLoggerSampleMac.a */ = {isa = PBXFileReference; explicitFileType = archive.ar; includeInIndex = 0; path = "libPods-CTFluentLoggerSampleMac.a"; sourceTree = BUILT_PRODUCTS_DIR; };
		C7ECBF3B2E0EB64C0FF4CAFB /* Pods-CTFluentLoggerSampleMac.release.xcconfig */ = {isa = PBXFileReference; includeInIndex = 1; lastKnownFileType = text.xcconfig; name = "Pods-CTFluentLoggerSampleMac.release.xcconfig"; path = "Pods/Target Support Files/Pods-CTFluentLoggerSampleMac/Pods-CTFluentLoggerSampleMac.release.xcconfig"; sourceTree = "<group>"; };
		CC36548EF210A3C23E642449 /* Pods-CTFluentLoggerSample.debug.xcconfig */ = {isa = PBXFileReference; includeInIndex = 1; lastKnownFileType = text.xcconfig; name = "Pods-CTFluentLoggerSample.debug.xcconfig"; path = "Pods/Target Support Files/Pods-CTFluentLoggerSample/Pods-CTFluentLoggerSample.debug.xcconfig"; sourceTree = "<group>"; };
		CCF62735B7BD77727B5282E1 /* Pods-CTFluentLoggerSampleMac.debug.xcconfig */ = {isa = PBXFileReference; includeInIndex = 1; lastKnownFileType = text.xcconfig; name = "Pods-CTFluentLoggerSampleMac.debug.xcconfig"; path = "Pods/Target Support Files/Pods-CTFluentLoggerSampleMac/Pods-CTFluentLoggerSampleMac.debug.xcconfig"; sourceTree = "<group>"; };
		E6211B71544CDD843AC262C0 /* libPods-CTFluentLoggerSample.a */ = {isa = PBXFileReference; explicitFileType = archive.ar; includeInIndex = 0; path = "libPods-CTFluentLoggerSample.a"; sourceTree = BUILT_PRODUCTS_DIR; };
/* End PBXFileReference section */

/* Begin PBXFrameworksBuildPhase section */
		6A33AF31190B226900EE76A6 /* Frameworks */ = {
			isa = PBXFrameworksBuildPhase;
			buildActionMask = 2147483647;
			files = (
				6A33AF3A190B226900EE76A6 /* CoreGraphics.framework in Frameworks */,
				6A33AF3C190B226900EE76A6 /* UIKit.framework in Frameworks */,
				6A33AF38190B226900EE76A6 /* Foundation.framework in Frameworks */,
				C2140B2C66A69997194E694D /* libPods-CTFluentLoggerSample.a in Frameworks */,
			);
			runOnlyForDeploymentPostprocessing = 0;
		};
		6A33AF52190B226900EE76A6 /* Frameworks */ = {
			isa = PBXFrameworksBuildPhase;
			buildActionMask = 2147483647;
			files = (
				6A33AF57190B226900EE76A6 /* XCTest.framework in Frameworks */,
				6A33AF59190B226900EE76A6 /* UIKit.framework in Frameworks */,
				6A33AF58190B226900EE76A6 /* Foundation.framework in Frameworks */,
			);
			runOnlyForDeploymentPostprocessing = 0;
		};
		6A33AF76190B5D5300EE76A6 /* Frameworks */ = {
			isa = PBXFrameworksBuildPhase;
			buildActionMask = 2147483647;
			files = (
				6A33AF7B190B5D5300EE76A6 /* Cocoa.framework in Frameworks */,
				CDFBDCB3D15AD43C61B0B10E /* libPods-CTFluentLoggerSampleMac.a in Frameworks */,
			);
			runOnlyForDeploymentPostprocessing = 0;
		};
		6A33AF95190B5D5300EE76A6 /* Frameworks */ = {
			isa = PBXFrameworksBuildPhase;
			buildActionMask = 2147483647;
			files = (
				6A33AF9A190B5D5300EE76A6 /* Cocoa.framework in Frameworks */,
				6A33AF99190B5D5300EE76A6 /* XCTest.framework in Frameworks */,
			);
			runOnlyForDeploymentPostprocessing = 0;
		};
/* End PBXFrameworksBuildPhase section */

/* Begin PBXGroup section */
		09CA9EC5DB67D0DD97D774D0 /* Pods */ = {
			isa = PBXGroup;
			children = (
				CC36548EF210A3C23E642449 /* Pods-CTFluentLoggerSample.debug.xcconfig */,
				7E41F2BF8B7E0D50207FC949 /* Pods-CTFluentLoggerSample.release.xcconfig */,
				CCF62735B7BD77727B5282E1 /* Pods-CTFluentLoggerSampleMac.debug.xcconfig */,
				C7ECBF3B2E0EB64C0FF4CAFB /* Pods-CTFluentLoggerSampleMac.release.xcconfig */,
			);
			name = Pods;
			sourceTree = "<group>";
		};
		6A33AF2B190B226900EE76A6 = {
			isa = PBXGroup;
			children = (
				6A33AF6C190B236600EE76A6 /* CTFluentLogger */,
				6A33AF3D190B226900EE76A6 /* CTFluentLoggerSample */,
				6A33AF5C190B226900EE76A6 /* CTFluentLoggerSampleTests */,
				6A33AF80190B5D5300EE76A6 /* CTFluentLoggerSampleMac */,
				6A33AF9D190B5D5300EE76A6 /* CTFluentLoggerSampleMacTests */,
				6A33AF36190B226900EE76A6 /* Frameworks */,
				6A33AF35190B226900EE76A6 /* Products */,
				09CA9EC5DB67D0DD97D774D0 /* Pods */,
			);
			sourceTree = "<group>";
		};
		6A33AF35190B226900EE76A6 /* Products */ = {
			isa = PBXGroup;
			children = (
				6A33AF34190B226900EE76A6 /* CTFluentLoggerSample.app */,
				6A33AF55190B226900EE76A6 /* CTFluentLoggerSampleTests.xctest */,
				6A33AF79190B5D5300EE76A6 /* CTFluentLoggerSampleMac.app */,
				6A33AF98190B5D5300EE76A6 /* CTFluentLoggerSampleMacTests.xctest */,
			);
			name = Products;
			sourceTree = "<group>";
		};
		6A33AF36190B226900EE76A6 /* Frameworks */ = {
			isa = PBXGroup;
			children = (
				6A33AF37190B226900EE76A6 /* Foundation.framework */,
				6A33AF39190B226900EE76A6 /* CoreGraphics.framework */,
				6A33AF3B190B226900EE76A6 /* UIKit.framework */,
				6A33AF56190B226900EE76A6 /* XCTest.framework */,
				6A33AF7A190B5D5300EE76A6 /* Cocoa.framework */,
				6A33AF7C190B5D5300EE76A6 /* Other Frameworks */,
				E6211B71544CDD843AC262C0 /* libPods-CTFluentLoggerSample.a */,
				826EE57FDDDB13D9A34E893B /* libPods-CTFluentLoggerSampleMac.a */,
			);
			name = Frameworks;
			sourceTree = "<group>";
		};
		6A33AF3D190B226900EE76A6 /* CTFluentLoggerSample */ = {
			isa = PBXGroup;
			children = (
				6A33AF46190B226900EE76A6 /* CTAppDelegate.h */,
				6A33AF47190B226900EE76A6 /* CTAppDelegate.m */,
				6A33AF49190B226900EE76A6 /* Main.storyboard */,
				6A33AF4C190B226900EE76A6 /* CTViewController.h */,
				6A33AF4D190B226900EE76A6 /* CTViewController.m */,
				6A33AF4F190B226900EE76A6 /* Images.xcassets */,
				6A33AF3E190B226900EE76A6 /* Supporting Files */,
			);
			path = CTFluentLoggerSample;
			sourceTree = "<group>";
		};
		6A33AF3E190B226900EE76A6 /* Supporting Files */ = {
			isa = PBXGroup;
			children = (
				6A33AF3F190B226900EE76A6 /* CTFluentLoggerSample-Info.plist */,
				6A33AF40190B226900EE76A6 /* InfoPlist.strings */,
				6A33AF43190B226900EE76A6 /* main.m */,
				6A33AF45190B226900EE76A6 /* CTFluentLoggerSample-Prefix.pch */,
			);
			name = "Supporting Files";
			sourceTree = "<group>";
		};
		6A33AF5C190B226900EE76A6 /* CTFluentLoggerSampleTests */ = {
			isa = PBXGroup;
			children = (
				6A33AF5D190B226900EE76A6 /* Supporting Files */,
			);
			path = CTFluentLoggerSampleTests;
			sourceTree = "<group>";
		};
		6A33AF5D190B226900EE76A6 /* Supporting Files */ = {
			isa = PBXGroup;
			children = (
				6A33AF5E190B226900EE76A6 /* CTFluentLoggerSampleTests-Info.plist */,
				6A33AF5F190B226900EE76A6 /* InfoPlist.strings */,
			);
			name = "Supporting Files";
			sourceTree = "<group>";
		};
		6A33AF6C190B236600EE76A6 /* CTFluentLogger */ = {
			isa = PBXGroup;
			children = (
				6A33AF71190B2AA400EE76A6 /* CTFluentLogger.h */,
				6A33AF72190B2AA400EE76A6 /* CTFluentLogger.m */,
			);
			name = CTFluentLogger;
			sourceTree = "<group>";
		};
		6A33AF7C190B5D5300EE76A6 /* Other Frameworks */ = {
			isa = PBXGroup;
			children = (
				6A33AF7D190B5D5300EE76A6 /* AppKit.framework */,
				6A33AF7E190B5D5300EE76A6 /* CoreData.framework */,
				6A33AF7F190B5D5300EE76A6 /* Foundation.framework */,
			);
			name = "Other Frameworks";
			sourceTree = "<group>";
		};
		6A33AF80190B5D5300EE76A6 /* CTFluentLoggerSampleMac */ = {
			isa = PBXGroup;
			children = (
				6A33AF8C190B5D5300EE76A6 /* CTAppDelegate.h */,
				6A33AF8D190B5D5300EE76A6 /* CTAppDelegate.m */,
				6A33AF8F190B5D5300EE76A6 /* MainMenu.xib */,
				6A33AF92190B5D5300EE76A6 /* Images.xcassets */,
				6A33AF81190B5D5300EE76A6 /* Supporting Files */,
			);
			path = CTFluentLoggerSampleMac;
			sourceTree = "<group>";
		};
		6A33AF81190B5D5300EE76A6 /* Supporting Files */ = {
			isa = PBXGroup;
			children = (
				6A33AF82190B5D5300EE76A6 /* CTFluentLoggerSampleMac-Info.plist */,
				6A33AF83190B5D5300EE76A6 /* InfoPlist.strings */,
				6A33AF86190B5D5300EE76A6 /* main.m */,
				6A33AF88190B5D5300EE76A6 /* CTFluentLoggerSampleMac-Prefix.pch */,
				6A33AF89190B5D5300EE76A6 /* Credits.rtf */,
			);
			name = "Supporting Files";
			sourceTree = "<group>";
		};
		6A33AF9D190B5D5300EE76A6 /* CTFluentLoggerSampleMacTests */ = {
			isa = PBXGroup;
			children = (
				6A33AFA3190B5D5300EE76A6 /* CTFluentLoggerSampleMacTests.m */,
				6A33AF9E190B5D5300EE76A6 /* Supporting Files */,
			);
			path = CTFluentLoggerSampleMacTests;
			sourceTree = "<group>";
		};
		6A33AF9E190B5D5300EE76A6 /* Supporting Files */ = {
			isa = PBXGroup;
			children = (
				6A33AF9F190B5D5300EE76A6 /* CTFluentLoggerSampleMacTests-Info.plist */,
				6A33AFA0190B5D5300EE76A6 /* InfoPlist.strings */,
			);
			name = "Supporting Files";
			sourceTree = "<group>";
		};
/* End PBXGroup section */

/* Begin PBXNativeTarget section */
		6A33AF33190B226900EE76A6 /* CTFluentLoggerSample */ = {
			isa = PBXNativeTarget;
			buildConfigurationList = 6A33AF66190B226900EE76A6 /* Build configuration list for PBXNativeTarget "CTFluentLoggerSample" */;
			buildPhases = (
				06F2AF808D70EF1D5C06942D /* [CP] Check Pods Manifest.lock */,
				6A33AF30190B226900EE76A6 /* Sources */,
				6A33AF31190B226900EE76A6 /* Frameworks */,
				6A33AF32190B226900EE76A6 /* Resources */,
				6A33AFAD190C6F3D00EE76A6 /* ShellScript */,
				43FDB38C896C216BAD18B648 /* [CP] Embed Pods Frameworks */,
				BB1D6F5CBD5061F4FC0BD716 /* [CP] Copy Pods Resources */,
			);
			buildRules = (
			);
			dependencies = (
			);
			name = CTFluentLoggerSample;
			productName = CTFluentLoggerSample;
			productReference = 6A33AF34190B226900EE76A6 /* CTFluentLoggerSample.app */;
			productType = "com.apple.product-type.application";
		};
		6A33AF54190B226900EE76A6 /* CTFluentLoggerSampleTests */ = {
			isa = PBXNativeTarget;
			buildConfigurationList = 6A33AF69190B226900EE76A6 /* Build configuration list for PBXNativeTarget "CTFluentLoggerSampleTests" */;
			buildPhases = (
				6A33AF51190B226900EE76A6 /* Sources */,
				6A33AF52190B226900EE76A6 /* Frameworks */,
				6A33AF53190B226900EE76A6 /* Resources */,
			);
			buildRules = (
			);
			dependencies = (
				6A33AF5B190B226900EE76A6 /* PBXTargetDependency */,
			);
			name = CTFluentLoggerSampleTests;
			productName = CTFluentLoggerSampleTests;
			productReference = 6A33AF55190B226900EE76A6 /* CTFluentLoggerSampleTests.xctest */;
			productType = "com.apple.product-type.bundle.unit-test";
		};
		6A33AF78190B5D5300EE76A6 /* CTFluentLoggerSampleMac */ = {
			isa = PBXNativeTarget;
			buildConfigurationList = 6A33AFA9190B5D5300EE76A6 /* Build configuration list for PBXNativeTarget "CTFluentLoggerSampleMac" */;
			buildPhases = (
				FAD51353C041220C822F148C /* [CP] Check Pods Manifest.lock */,
				6A33AF75190B5D5300EE76A6 /* Sources */,
				6A33AF76190B5D5300EE76A6 /* Frameworks */,
				6A33AF77190B5D5300EE76A6 /* Resources */,
				14A8A86CA7488DE560F8BCF8 /* [CP] Embed Pods Frameworks */,
				A3CD5D2BE4C75AC81A5D456F /* [CP] Copy Pods Resources */,
			);
			buildRules = (
			);
			dependencies = (
			);
			name = CTFluentLoggerSampleMac;
			productName = CTFluentLoggerSampleMac;
			productReference = 6A33AF79190B5D5300EE76A6 /* CTFluentLoggerSampleMac.app */;
			productType = "com.apple.product-type.application";
		};
		6A33AF97190B5D5300EE76A6 /* CTFluentLoggerSampleMacTests */ = {
			isa = PBXNativeTarget;
			buildConfigurationList = 6A33AFAA190B5D5300EE76A6 /* Build configuration list for PBXNativeTarget "CTFluentLoggerSampleMacTests" */;
			buildPhases = (
				6A33AF94190B5D5300EE76A6 /* Sources */,
				6A33AF95190B5D5300EE76A6 /* Frameworks */,
				6A33AF96190B5D5300EE76A6 /* Resources */,
			);
			buildRules = (
			);
			dependencies = (
				6A33AF9C190B5D5300EE76A6 /* PBXTargetDependency */,
			);
			name = CTFluentLoggerSampleMacTests;
			productName = CTFluentLoggerSampleMacTests;
			productReference = 6A33AF98190B5D5300EE76A6 /* CTFluentLoggerSampleMacTests.xctest */;
			productType = "com.apple.product-type.bundle.unit-test";
		};
/* End PBXNativeTarget section */

/* Begin PBXProject section */
		6A33AF2C190B226900EE76A6 /* Project object */ = {
			isa = PBXProject;
			attributes = {
				CLASSPREFIX = CT;
				LastUpgradeCheck = 0920;
				ORGANIZATIONNAME = CAPH;
				TargetAttributes = {
					6A33AF33190B226900EE76A6 = {
						DevelopmentTeam = RV6DJ2NMCD;
					};
					6A33AF54190B226900EE76A6 = {
						TestTargetID = 6A33AF33190B226900EE76A6;
					};
					6A33AF78190B5D5300EE76A6 = {
						DevelopmentTeam = RV6DJ2NMCD;
						ProvisioningStyle = Automatic;
					};
					6A33AF97190B5D5300EE76A6 = {
						TestTargetID = 6A33AF33190B226900EE76A6;
					};
				};
			};
			buildConfigurationList = 6A33AF2F190B226900EE76A6 /* Build configuration list for PBXProject "CTFluentLoggerSample" */;
			compatibilityVersion = "Xcode 3.2";
			developmentRegion = English;
			hasScannedForEncodings = 0;
			knownRegions = (
				en,
				Base,
			);
			mainGroup = 6A33AF2B190B226900EE76A6;
			productRefGroup = 6A33AF35190B226900EE76A6 /* Products */;
			projectDirPath = "";
			projectRoot = "";
			targets = (
				6A33AF33190B226900EE76A6 /* CTFluentLoggerSample */,
				6A33AF54190B226900EE76A6 /* CTFluentLoggerSampleTests */,
				6A33AF78190B5D5300EE76A6 /* CTFluentLoggerSampleMac */,
				6A33AF97190B5D5300EE76A6 /* CTFluentLoggerSampleMacTests */,
			);
		};
/* End PBXProject section */

/* Begin PBXResourcesBuildPhase section */
		6A33AF32190B226900EE76A6 /* Resources */ = {
			isa = PBXResourcesBuildPhase;
			buildActionMask = 2147483647;
			files = (
				6A33AF50190B226900EE76A6 /* Images.xcassets in Resources */,
				6A33AF42190B226900EE76A6 /* InfoPlist.strings in Resources */,
				6A33AF4B190B226900EE76A6 /* Main.storyboard in Resources */,
			);
			runOnlyForDeploymentPostprocessing = 0;
		};
		6A33AF53190B226900EE76A6 /* Resources */ = {
			isa = PBXResourcesBuildPhase;
			buildActionMask = 2147483647;
			files = (
				6A33AF61190B226900EE76A6 /* InfoPlist.strings in Resources */,
			);
			runOnlyForDeploymentPostprocessing = 0;
		};
		6A33AF77190B5D5300EE76A6 /* Resources */ = {
			isa = PBXResourcesBuildPhase;
			buildActionMask = 2147483647;
			files = (
				6A33AF85190B5D5300EE76A6 /* InfoPlist.strings in Resources */,
				6A33AF93190B5D5300EE76A6 /* Images.xcassets in Resources */,
				6A33AF8B190B5D5300EE76A6 /* Credits.rtf in Resources */,
				6A33AF91190B5D5300EE76A6 /* MainMenu.xib in Resources */,
			);
			runOnlyForDeploymentPostprocessing = 0;
		};
		6A33AF96190B5D5300EE76A6 /* Resources */ = {
			isa = PBXResourcesBuildPhase;
			buildActionMask = 2147483647;
			files = (
				6A33AFA2190B5D5300EE76A6 /* InfoPlist.strings in Resources */,
			);
			runOnlyForDeploymentPostprocessing = 0;
		};
/* End PBXResourcesBuildPhase section */

/* Begin PBXShellScriptBuildPhase section */
		06F2AF808D70EF1D5C06942D /* [CP] Check Pods Manifest.lock */ = {
			isa = PBXShellScriptBuildPhase;
			buildActionMask = 2147483647;
			files = (
			);
			inputPaths = (
				"${PODS_PODFILE_DIR_PATH}/Podfile.lock",
				"${PODS_ROOT}/Manifest.lock",
			);
			name = "[CP] Check Pods Manifest.lock";
			outputPaths = (
				"$(DERIVED_FILE_DIR)/Pods-CTFluentLoggerSample-checkManifestLockResult.txt",
			);
			runOnlyForDeploymentPostprocessing = 0;
			shellPath = /bin/sh;
			shellScript = "diff \"${PODS_PODFILE_DIR_PATH}/Podfile.lock\" \"${PODS_ROOT}/Manifest.lock\" > /dev/null\nif [ $? != 0 ] ; then\n    # print error to STDERR\n    echo \"error: The sandbox is not in sync with the Podfile.lock. Run 'pod install' or update your CocoaPods installation.\" >&2\n    exit 1\nfi\n# This output is used by Xcode 'outputs' to avoid re-running this script phase.\necho \"SUCCESS\" > \"${SCRIPT_OUTPUT_FILE_0}\"\n";
			showEnvVarsInLog = 0;
		};
		14A8A86CA7488DE560F8BCF8 /* [CP] Embed Pods Frameworks */ = {
			isa = PBXShellScriptBuildPhase;
			buildActionMask = 2147483647;
			files = (
			);
			inputPaths = (
			);
			name = "[CP] Embed Pods Frameworks";
			outputPaths = (
			);
			runOnlyForDeploymentPostprocessing = 0;
			shellPath = /bin/sh;
			shellScript = "\"${SRCROOT}/Pods/Target Support Files/Pods-CTFluentLoggerSampleMac/Pods-CTFluentLoggerSampleMac-frameworks.sh\"\n";
			showEnvVarsInLog = 0;
		};
		43FDB38C896C216BAD18B648 /* [CP] Embed Pods Frameworks */ = {
			isa = PBXShellScriptBuildPhase;
			buildActionMask = 2147483647;
			files = (
			);
			inputPaths = (
			);
			name = "[CP] Embed Pods Frameworks";
			outputPaths = (
			);
			runOnlyForDeploymentPostprocessing = 0;
			shellPath = /bin/sh;
			shellScript = "\"${SRCROOT}/Pods/Target Support Files/Pods-CTFluentLoggerSample/Pods-CTFluentLoggerSample-frameworks.sh\"\n";
			showEnvVarsInLog = 0;
		};
		6A33AFAD190C6F3D00EE76A6 /* ShellScript */ = {
			isa = PBXShellScriptBuildPhase;
			buildActionMask = 2147483647;
			files = (
			);
			inputPaths = (
			);
			outputPaths = (
			);
			runOnlyForDeploymentPostprocessing = 0;
			shellPath = /bin/sh;
			shellScript = "if [[ \"${CONFIGURATION}\" == \"Debug\" && \"${PLATFORM_NAME}\" != *simulator* ]]; then\nplist=\"${BUILT_PRODUCTS_DIR}/${INFOPLIST_PATH}\"\nip=$(ifconfig en0 | grep \"inet[^6]\" | cut -d\" \" -f2)\n/usr/libexec/PlistBuddy -c \"Set :FluentdHost $ip\" $plist\nfi";
		};
		A3CD5D2BE4C75AC81A5D456F /* [CP] Copy Pods Resources */ = {
			isa = PBXShellScriptBuildPhase;
			buildActionMask = 2147483647;
			files = (
			);
			inputPaths = (
			);
			name = "[CP] Copy Pods Resources";
			outputPaths = (
			);
			runOnlyForDeploymentPostprocessing = 0;
			shellPath = /bin/sh;
			shellScript = "\"${SRCROOT}/Pods/Target Support Files/Pods-CTFluentLoggerSampleMac/Pods-CTFluentLoggerSampleMac-resources.sh\"\n";
			showEnvVarsInLog = 0;
		};
		BB1D6F5CBD5061F4FC0BD716 /* [CP] Copy Pods Resources */ = {
			isa = PBXShellScriptBuildPhase;
			buildActionMask = 2147483647;
			files = (
			);
			inputPaths = (
			);
			name = "[CP] Copy Pods Resources";
			outputPaths = (
			);
			runOnlyForDeploymentPostprocessing = 0;
			shellPath = /bin/sh;
			shellScript = "\"${SRCROOT}/Pods/Target Support Files/Pods-CTFluentLoggerSample/Pods-CTFluentLoggerSample-resources.sh\"\n";
			showEnvVarsInLog = 0;
		};
		FAD51353C041220C822F148C /* [CP] Check Pods Manifest.lock */ = {
			isa = PBXShellScriptBuildPhase;
			buildActionMask = 2147483647;
			files = (
			);
			inputPaths = (
				"${PODS_PODFILE_DIR_PATH}/Podfile.lock",
				"${PODS_ROOT}/Manifest.lock",
			);
			name = "[CP] Check Pods Manifest.lock";
			outputPaths = (
				"$(DERIVED_FILE_DIR)/Pods-CTFluentLoggerSampleMac-checkManifestLockResult.txt",
			);
			runOnlyForDeploymentPostprocessing = 0;
			shellPath = /bin/sh;
			shellScript = "diff \"${PODS_PODFILE_DIR_PATH}/Podfile.lock\" \"${PODS_ROOT}/Manifest.lock\" > /dev/null\nif [ $? != 0 ] ; then\n    # print error to STDERR\n    echo \"error: The sandbox is not in sync with the Podfile.lock. Run 'pod install' or update your CocoaPods installation.\" >&2\n    exit 1\nfi\n# This output is used by Xcode 'outputs' to avoid re-running this script phase.\necho \"SUCCESS\" > \"${SCRIPT_OUTPUT_FILE_0}\"\n";
			showEnvVarsInLog = 0;
		};
/* End PBXShellScriptBuildPhase section */

/* Begin PBXSourcesBuildPhase section */
		6A33AF30190B226900EE76A6 /* Sources */ = {
			isa = PBXSourcesBuildPhase;
			buildActionMask = 2147483647;
			files = (
				6A33AF73190B2AA400EE76A6 /* CTFluentLogger.m in Sources */,
				6A33AF44190B226900EE76A6 /* main.m in Sources */,
				6A33AF48190B226900EE76A6 /* CTAppDelegate.m in Sources */,
				6A33AF4E190B226900EE76A6 /* CTViewController.m in Sources */,
			);
			runOnlyForDeploymentPostprocessing = 0;
		};
		6A33AF51190B226900EE76A6 /* Sources */ = {
			isa = PBXSourcesBuildPhase;
			buildActionMask = 2147483647;
			files = (
				6A33AF74190B2AA400EE76A6 /* CTFluentLogger.m in Sources */,
			);
			runOnlyForDeploymentPostprocessing = 0;
		};
		6A33AF75190B5D5300EE76A6 /* Sources */ = {
			isa = PBXSourcesBuildPhase;
			buildActionMask = 2147483647;
			files = (
				6A33AFAB190B5F7500EE76A6 /* CTFluentLogger.m in Sources */,
				6A33AF87190B5D5300EE76A6 /* main.m in Sources */,
				6A33AF8E190B5D5300EE76A6 /* CTAppDelegate.m in Sources */,
			);
			runOnlyForDeploymentPostprocessing = 0;
		};
		6A33AF94190B5D5300EE76A6 /* Sources */ = {
			isa = PBXSourcesBuildPhase;
			buildActionMask = 2147483647;
			files = (
				6A33AFAC190B5F7600EE76A6 /* CTFluentLogger.m in Sources */,
				6A33AFA4190B5D5300EE76A6 /* CTFluentLoggerSampleMacTests.m in Sources */,
			);
			runOnlyForDeploymentPostprocessing = 0;
		};
/* End PBXSourcesBuildPhase section */

/* Begin PBXTargetDependency section */
		6A33AF5B190B226900EE76A6 /* PBXTargetDependency */ = {
			isa = PBXTargetDependency;
			target = 6A33AF33190B226900EE76A6 /* CTFluentLoggerSample */;
			targetProxy = 6A33AF5A190B226900EE76A6 /* PBXContainerItemProxy */;
		};
		6A33AF9C190B5D5300EE76A6 /* PBXTargetDependency */ = {
			isa = PBXTargetDependency;
			target = 6A33AF78190B5D5300EE76A6 /* CTFluentLoggerSampleMac */;
			targetProxy = 6A33AF9B190B5D5300EE76A6 /* PBXContainerItemProxy */;
		};
/* End PBXTargetDependency section */

/* Begin PBXVariantGroup section */
		6A33AF40190B226900EE76A6 /* InfoPlist.strings */ = {
			isa = PBXVariantGroup;
			children = (
				6A33AF41190B226900EE76A6 /* en */,
			);
			name = InfoPlist.strings;
			sourceTree = "<group>";
		};
		6A33AF49190B226900EE76A6 /* Main.storyboard */ = {
			isa = PBXVariantGroup;
			children = (
				6A33AF4A190B226900EE76A6 /* Base */,
			);
			name = Main.storyboard;
			sourceTree = "<group>";
		};
		6A33AF5F190B226900EE76A6 /* InfoPlist.strings */ = {
			isa = PBXVariantGroup;
			children = (
				6A33AF60190B226900EE76A6 /* en */,
			);
			name = InfoPlist.strings;
			sourceTree = "<group>";
		};
		6A33AF83190B5D5300EE76A6 /* InfoPlist.strings */ = {
			isa = PBXVariantGroup;
			children = (
				6A33AF84190B5D5300EE76A6 /* en */,
			);
			name = InfoPlist.strings;
			sourceTree = "<group>";
		};
		6A33AF89190B5D5300EE76A6 /* Credits.rtf */ = {
			isa = PBXVariantGroup;
			children = (
				6A33AF8A190B5D5300EE76A6 /* en */,
			);
			name = Credits.rtf;
			sourceTree = "<group>";
		};
		6A33AF8F190B5D5300EE76A6 /* MainMenu.xib */ = {
			isa = PBXVariantGroup;
			children = (
				6A33AF90190B5D5300EE76A6 /* Base */,
			);
			name = MainMenu.xib;
			sourceTree = "<group>";
		};
		6A33AFA0190B5D5300EE76A6 /* InfoPlist.strings */ = {
			isa = PBXVariantGroup;
			children = (
				6A33AFA1190B5D5300EE76A6 /* en */,
			);
			name = InfoPlist.strings;
			sourceTree = "<group>";
		};
/* End PBXVariantGroup section */

/* Begin XCBuildConfiguration section */
		6A33AF64190B226900EE76A6 /* Debug */ = {
			isa = XCBuildConfiguration;
			buildSettings = {
				ALWAYS_SEARCH_USER_PATHS = NO;
				CLANG_CXX_LANGUAGE_STANDARD = "gnu++0x";
				CLANG_CXX_LIBRARY = "libc++";
				CLANG_ENABLE_MODULES = YES;
				CLANG_ENABLE_OBJC_ARC = YES;
				CLANG_WARN_BLOCK_CAPTURE_AUTORELEASING = YES;
				CLANG_WARN_BOOL_CONVERSION = YES;
				CLANG_WARN_COMMA = YES;
				CLANG_WARN_CONSTANT_CONVERSION = YES;
				CLANG_WARN_DIRECT_OBJC_ISA_USAGE = YES_ERROR;
				CLANG_WARN_EMPTY_BODY = YES;
				CLANG_WARN_ENUM_CONVERSION = YES;
				CLANG_WARN_INFINITE_RECURSION = YES;
				CLANG_WARN_INT_CONVERSION = YES;
				CLANG_WARN_NON_LITERAL_NULL_CONVERSION = YES;
				CLANG_WARN_OBJC_LITERAL_CONVERSION = YES;
				CLANG_WARN_OBJC_ROOT_CLASS = YES_ERROR;
				CLANG_WARN_RANGE_LOOP_ANALYSIS = YES;
				CLANG_WARN_STRICT_PROTOTYPES = YES;
				CLANG_WARN_SUSPICIOUS_MOVE = YES;
				CLANG_WARN_UNREACHABLE_CODE = YES;
				CLANG_WARN__DUPLICATE_METHOD_MATCH = YES;
				"CODE_SIGN_IDENTITY[sdk=iphoneos*]" = "iPhone Developer";
				COPY_PHASE_STRIP = NO;
				ENABLE_STRICT_OBJC_MSGSEND = YES;
				ENABLE_TESTABILITY = YES;
				GCC_C_LANGUAGE_STANDARD = gnu99;
				GCC_DYNAMIC_NO_PIC = NO;
				GCC_NO_COMMON_BLOCKS = YES;
				GCC_OPTIMIZATION_LEVEL = 0;
				GCC_PREPROCESSOR_DEFINITIONS = (
					"DEBUG=1",
					"$(inherited)",
				);
				GCC_SYMBOLS_PRIVATE_EXTERN = NO;
				GCC_WARN_64_TO_32_BIT_CONVERSION = YES;
				GCC_WARN_ABOUT_RETURN_TYPE = YES_ERROR;
				GCC_WARN_UNDECLARED_SELECTOR = YES;
				GCC_WARN_UNINITIALIZED_AUTOS = YES_AGGRESSIVE;
				GCC_WARN_UNUSED_FUNCTION = YES;
				GCC_WARN_UNUSED_VARIABLE = YES;
				IPHONEOS_DEPLOYMENT_TARGET = 8.0;
				ONLY_ACTIVE_ARCH = YES;
				SDKROOT = iphoneos;
			};
			name = Debug;
		};
		6A33AF65190B226900EE76A6 /* Release */ = {
			isa = XCBuildConfiguration;
			buildSettings = {
				ALWAYS_SEARCH_USER_PATHS = NO;
				CLANG_CXX_LANGUAGE_STANDARD = "gnu++0x";
				CLANG_CXX_LIBRARY = "libc++";
				CLANG_ENABLE_MODULES = YES;
				CLANG_ENABLE_OBJC_ARC = YES;
				CLANG_WARN_BLOCK_CAPTURE_AUTORELEASING = YES;
				CLANG_WARN_BOOL_CONVERSION = YES;
				CLANG_WARN_COMMA = YES;
				CLANG_WARN_CONSTANT_CONVERSION = YES;
				CLANG_WARN_DIRECT_OBJC_ISA_USAGE = YES_ERROR;
				CLANG_WARN_EMPTY_BODY = YES;
				CLANG_WARN_ENUM_CONVERSION = YES;
				CLANG_WARN_INFINITE_RECURSION = YES;
				CLANG_WARN_INT_CONVERSION = YES;
				CLANG_WARN_NON_LITERAL_NULL_CONVERSION = YES;
				CLANG_WARN_OBJC_LITERAL_CONVERSION = YES;
				CLANG_WARN_OBJC_ROOT_CLASS = YES_ERROR;
				CLANG_WARN_RANGE_LOOP_ANALYSIS = YES;
				CLANG_WARN_STRICT_PROTOTYPES = YES;
				CLANG_WARN_SUSPICIOUS_MOVE = YES;
				CLANG_WARN_UNREACHABLE_CODE = YES;
				CLANG_WARN__DUPLICATE_METHOD_MATCH = YES;
				"CODE_SIGN_IDENTITY[sdk=iphoneos*]" = "iPhone Developer";
				COPY_PHASE_STRIP = YES;
				ENABLE_NS_ASSERTIONS = NO;
				ENABLE_STRICT_OBJC_MSGSEND = YES;
				GCC_C_LANGUAGE_STANDARD = gnu99;
				GCC_NO_COMMON_BLOCKS = YES;
				GCC_WARN_64_TO_32_BIT_CONVERSION = YES;
				GCC_WARN_ABOUT_RETURN_TYPE = YES_ERROR;
				GCC_WARN_UNDECLARED_SELECTOR = YES;
				GCC_WARN_UNINITIALIZED_AUTOS = YES_AGGRESSIVE;
				GCC_WARN_UNUSED_FUNCTION = YES;
				GCC_WARN_UNUSED_VARIABLE = YES;
				IPHONEOS_DEPLOYMENT_TARGET = 8.0;
				SDKROOT = iphoneos;
				VALIDATE_PRODUCT = YES;
			};
			name = Release;
		};
		6A33AF67190B226900EE76A6 /* Debug */ = {
			isa = XCBuildConfiguration;
			baseConfigurationReference = CC36548EF210A3C23E642449 /* Pods-CTFluentLoggerSample.debug.xcconfig */;
			buildSettings = {
				ASSETCATALOG_COMPILER_APPICON_NAME = AppIcon;
				ASSETCATALOG_COMPILER_LAUNCHIMAGE_NAME = LaunchImage;
				DEVELOPMENT_TEAM = RV6DJ2NMCD;
				GCC_PRECOMPILE_PREFIX_HEADER = YES;
				GCC_PREFIX_HEADER = "CTFluentLoggerSample/CTFluentLoggerSample-Prefix.pch";
				INFOPLIST_FILE = "CTFluentLoggerSample/CTFluentLoggerSample-Info.plist";
				IPHONEOS_DEPLOYMENT_TARGET = 8.0;
				PRODUCT_BUNDLE_IDENTIFIER = "jp.caph.${PRODUCT_NAME:rfc1034identifier}";
				PRODUCT_NAME = "$(TARGET_NAME)";
				USER_HEADER_SEARCH_PATHS = "\"${PROJECT_DIR}/Pods\"/**";
				WRAPPER_EXTENSION = app;
			};
			name = Debug;
		};
		6A33AF68190B226900EE76A6 /* Release */ = {
			isa = XCBuildConfiguration;
			baseConfigurationReference = 7E41F2BF8B7E0D50207FC949 /* Pods-CTFluentLoggerSample.release.xcconfig */;
			buildSettings = {
				ASSETCATALOG_COMPILER_APPICON_NAME = AppIcon;
				ASSETCATALOG_COMPILER_LAUNCHIMAGE_NAME = LaunchImage;
				DEVELOPMENT_TEAM = RV6DJ2NMCD;
				GCC_PRECOMPILE_PREFIX_HEADER = YES;
				GCC_PREFIX_HEADER = "CTFluentLoggerSample/CTFluentLoggerSample-Prefix.pch";
				INFOPLIST_FILE = "CTFluentLoggerSample/CTFluentLoggerSample-Info.plist";
				IPHONEOS_DEPLOYMENT_TARGET = 8.0;
				PRODUCT_BUNDLE_IDENTIFIER = "jp.caph.${PRODUCT_NAME:rfc1034identifier}";
				PRODUCT_NAME = "$(TARGET_NAME)";
				USER_HEADER_SEARCH_PATHS = "\"${PROJECT_DIR}/Pods\"/**";
				WRAPPER_EXTENSION = app;
			};
			name = Release;
		};
		6A33AF6A190B226900EE76A6 /* Debug */ = {
			isa = XCBuildConfiguration;
			buildSettings = {
				BUNDLE_LOADER = "$(BUILT_PRODUCTS_DIR)/CTFluentLoggerSample.app/CTFluentLoggerSample";
				FRAMEWORK_SEARCH_PATHS = (
					"$(SDKROOT)/Developer/Library/Frameworks",
					"$(inherited)",
					"$(DEVELOPER_FRAMEWORKS_DIR)",
				);
				GCC_PRECOMPILE_PREFIX_HEADER = YES;
				GCC_PREFIX_HEADER = "CTFluentLoggerSample/CTFluentLoggerSample-Prefix.pch";
				GCC_PREPROCESSOR_DEFINITIONS = (
					"DEBUG=1",
					"$(inherited)",
				);
				INFOPLIST_FILE = "CTFluentLoggerSampleTests/CTFluentLoggerSampleTests-Info.plist";
				PRODUCT_BUNDLE_IDENTIFIER = "jp.caph.${PRODUCT_NAME:rfc1034identifier}";
				PRODUCT_NAME = "$(TARGET_NAME)";
				TEST_HOST = "$(BUNDLE_LOADER)";
				WRAPPER_EXTENSION = xctest;
			};
			name = Debug;
		};
		6A33AF6B190B226900EE76A6 /* Release */ = {
			isa = XCBuildConfiguration;
			buildSettings = {
				BUNDLE_LOADER = "$(BUILT_PRODUCTS_DIR)/CTFluentLoggerSample.app/CTFluentLoggerSample";
				FRAMEWORK_SEARCH_PATHS = (
					"$(SDKROOT)/Developer/Library/Frameworks",
					"$(inherited)",
					"$(DEVELOPER_FRAMEWORKS_DIR)",
				);
				GCC_PRECOMPILE_PREFIX_HEADER = YES;
				GCC_PREFIX_HEADER = "CTFluentLoggerSample/CTFluentLoggerSample-Prefix.pch";
				INFOPLIST_FILE = "CTFluentLoggerSampleTests/CTFluentLoggerSampleTests-Info.plist";
				PRODUCT_BUNDLE_IDENTIFIER = "jp.caph.${PRODUCT_NAME:rfc1034identifier}";
				PRODUCT_NAME = "$(TARGET_NAME)";
				TEST_HOST = "$(BUNDLE_LOADER)";
				WRAPPER_EXTENSION = xctest;
			};
			name = Release;
		};
		6A33AFA5190B5D5300EE76A6 /* Debug */ = {
			isa = XCBuildConfiguration;
			baseConfigurationReference = CCF62735B7BD77727B5282E1 /* Pods-CTFluentLoggerSampleMac.debug.xcconfig */;
			buildSettings = {
				ASSETCATALOG_COMPILER_APPICON_NAME = AppIcon;
				CODE_SIGN_IDENTITY = "Mac Developer";
				CODE_SIGN_STYLE = Automatic;
				COMBINE_HIDPI_IMAGES = YES;
				DEVELOPMENT_TEAM = RV6DJ2NMCD;
				FRAMEWORK_SEARCH_PATHS = (
					"$(inherited)",
					"$(DEVELOPER_FRAMEWORKS_DIR)",
				);
				GCC_ENABLE_OBJC_EXCEPTIONS = YES;
				GCC_PRECOMPILE_PREFIX_HEADER = YES;
				GCC_PREFIX_HEADER = "CTFluentLoggerSampleMac/CTFluentLoggerSampleMac-Prefix.pch";
				GCC_PREPROCESSOR_DEFINITIONS = (
					"DEBUG=1",
					"$(inherited)",
				);
				INFOPLIST_FILE = "CTFluentLoggerSampleMac/CTFluentLoggerSampleMac-Info.plist";
				MACOSX_DEPLOYMENT_TARGET = 10.9;
				PRODUCT_BUNDLE_IDENTIFIER = "jp.caph.${PRODUCT_NAME:rfc1034identifier}";
				PRODUCT_NAME = "$(TARGET_NAME)";
				PROVISIONING_PROFILE_SPECIFIER = "";
				SDKROOT = macosx;
				WRAPPER_EXTENSION = app;
			};
			name = Debug;
		};
		6A33AFA6190B5D5300EE76A6 /* Release */ = {
			isa = XCBuildConfiguration;
			baseConfigurationReference = C7ECBF3B2E0EB64C0FF4CAFB /* Pods-CTFluentLoggerSampleMac.release.xcconfig */;
			buildSettings = {
				ASSETCATALOG_COMPILER_APPICON_NAME = AppIcon;
				CODE_SIGN_IDENTITY = "Mac Developer";
				CODE_SIGN_STYLE = Automatic;
				COMBINE_HIDPI_IMAGES = YES;
				DEBUG_INFORMATION_FORMAT = "dwarf-with-dsym";
				DEVELOPMENT_TEAM = RV6DJ2NMCD;
				FRAMEWORK_SEARCH_PATHS = (
					"$(inherited)",
					"$(DEVELOPER_FRAMEWORKS_DIR)",
				);
				GCC_ENABLE_OBJC_EXCEPTIONS = YES;
				GCC_PRECOMPILE_PREFIX_HEADER = YES;
				GCC_PREFIX_HEADER = "CTFluentLoggerSampleMac/CTFluentLoggerSampleMac-Prefix.pch";
				INFOPLIST_FILE = "CTFluentLoggerSampleMac/CTFluentLoggerSampleMac-Info.plist";
				MACOSX_DEPLOYMENT_TARGET = 10.9;
				PRODUCT_BUNDLE_IDENTIFIER = "jp.caph.${PRODUCT_NAME:rfc1034identifier}";
				PRODUCT_NAME = "$(TARGET_NAME)";
				PROVISIONING_PROFILE_SPECIFIER = "";
				SDKROOT = macosx;
				WRAPPER_EXTENSION = app;
			};
			name = Release;
		};
		6A33AFA7190B5D5300EE76A6 /* Debug */ = {
			isa = XCBuildConfiguration;
			buildSettings = {
				BUNDLE_LOADER = "$(BUILT_PRODUCTS_DIR)/CTFluentLoggerSample.app/CTFluentLoggerSample";
				COMBINE_HIDPI_IMAGES = YES;
				FRAMEWORK_SEARCH_PATHS = (
					"$(DEVELOPER_FRAMEWORKS_DIR)",
					"$(inherited)",
				);
				GCC_ENABLE_OBJC_EXCEPTIONS = YES;
				GCC_PRECOMPILE_PREFIX_HEADER = YES;
				GCC_PREFIX_HEADER = "CTFluentLoggerSampleMac/CTFluentLoggerSampleMac-Prefix.pch";
				GCC_PREPROCESSOR_DEFINITIONS = (
					"DEBUG=1",
					"$(inherited)",
				);
				INFOPLIST_FILE = "CTFluentLoggerSampleMacTests/CTFluentLoggerSampleMacTests-Info.plist";
				MACOSX_DEPLOYMENT_TARGET = 10.9;
				PRODUCT_BUNDLE_IDENTIFIER = "jp.caph.${PRODUCT_NAME:rfc1034identifier}";
				PRODUCT_NAME = "$(TARGET_NAME)";
				SDKROOT = macosx;
				TEST_HOST = "$(BUNDLE_LOADER)";
				WRAPPER_EXTENSION = xctest;
			};
			name = Debug;
		};
		6A33AFA8190B5D5300EE76A6 /* Release */ = {
			isa = XCBuildConfiguration;
			buildSettings = {
				BUNDLE_LOADER = "$(BUILT_PRODUCTS_DIR)/CTFluentLoggerSample.app/CTFluentLoggerSample";
				COMBINE_HIDPI_IMAGES = YES;
				DEBUG_INFORMATION_FORMAT = "dwarf-with-dsym";
				FRAMEWORK_SEARCH_PATHS = (
					"$(DEVELOPER_FRAMEWORKS_DIR)",
					"$(inherited)",
				);
				GCC_ENABLE_OBJC_EXCEPTIONS = YES;
				GCC_PRECOMPILE_PREFIX_HEADER = YES;
				GCC_PREFIX_HEADER = "CTFluentLoggerSampleMac/CTFluentLoggerSampleMac-Prefix.pch";
				INFOPLIST_FILE = "CTFluentLoggerSampleMacTests/CTFluentLoggerSampleMacTests-Info.plist";
				MACOSX_DEPLOYMENT_TARGET = 10.9;
				PRODUCT_BUNDLE_IDENTIFIER = "jp.caph.${PRODUCT_NAME:rfc1034identifier}";
				PRODUCT_NAME = "$(TARGET_NAME)";
				SDKROOT = macosx;
				TEST_HOST = "$(BUNDLE_LOADER)";
				WRAPPER_EXTENSION = xctest;
			};
			name = Release;
		};
/* End XCBuildConfiguration section */

/* Begin XCConfigurationList section */
		6A33AF2F190B226900EE76A6 /* Build configuration list for PBXProject "CTFluentLoggerSample" */ = {
			isa = XCConfigurationList;
			buildConfigurations = (
				6A33AF64190B226900EE76A6 /* Debug */,
				6A33AF65190B226900EE76A6 /* Release */,
			);
			defaultConfigurationIsVisible = 0;
			defaultConfigurationName = Release;
		};
		6A33AF66190B226900EE76A6 /* Build configuration list for PBXNativeTarget "CTFluentLoggerSample" */ = {
			isa = XCConfigurationList;
			buildConfigurations = (
				6A33AF67190B226900EE76A6 /* Debug */,
				6A33AF68190B226900EE76A6 /* Release */,
			);
			defaultConfigurationIsVisible = 0;
			defaultConfigurationName = Release;
		};
		6A33AF69190B226900EE76A6 /* Build configuration list for PBXNativeTarget "CTFluentLoggerSampleTests" */ = {
			isa = XCConfigurationList;
			buildConfigurations = (
				6A33AF6A190B226900EE76A6 /* Debug */,
				6A33AF6B190B226900EE76A6 /* Release */,
			);
			defaultConfigurationIsVisible = 0;
			defaultConfigurationName = Release;
		};
		6A33AFA9190B5D5300EE76A6 /* Build configuration list for PBXNativeTarget "CTFluentLoggerSampleMac" */ = {
			isa = XCConfigurationList;
			buildConfigurations = (
				6A33AFA5190B5D5300EE76A6 /* Debug */,
				6A33AFA6190B5D5300EE76A6 /* Release */,
			);
			defaultConfigurationIsVisible = 0;
			defaultConfigurationName = Release;
		};
		6A33AFAA190B5D5300EE76A6 /* Build configuration list for PBXNativeTarget "CTFluentLoggerSampleMacTests" */ = {
			isa = XCConfigurationList;
			buildConfigurations = (
				6A33AFA7190B5D5300EE76A6 /* Debug */,
				6A33AFA8190B5D5300EE76A6 /* Release */,
			);
			defaultConfigurationIsVisible = 0;
			defaultConfigurationName = Release;
		};
/* End XCConfigurationList section */
	};
	rootObject = 6A33AF2C190B226900EE76A6 /* Project object */;
}
