PODS:
  - CocoaAsyncSocket (7.6.2)
  - GCNetworkReachability (1.3.2)
  - MessagePack (1.0.0)

DEPENDENCIES:
  - CocoaAsyncSocket
  - GCNetworkReachability
  - MessagePack

SPEC CHECKSUMS:
  CocoaAsyncSocket: 3541e024f48c54b251638ef72d51dd42808de932
  GCNetworkReachability: 2a7dd53d362220326b3e38df68c91b3ef84418d1
  MessagePack: 6ef1d8f7c4b4021cf0b257d61ec5e8b4f3e9831c

PODFILE CHECKSUM: 7faefe5a98729eab5fbd928c11c37aefa27df737

COCOAPODS: 1.3.1
