PODS:
  - CocoaAsyncSocket (7.3.4)
  - GCNetworkReachability (1.3.2)
  - MessagePack (1.0.0)

DEPENDENCIES:
  - CocoaAsyncSocket
  - GCNetworkReachability
  - MessagePack

SPEC CHECKSUMS:
  CocoaAsyncSocket: 534d09416f992fd51efb23f534742ce70b3a7999
  GCNetworkReachability: 42b752786acb7c8b58b83a07fed1f5fcfae8c2a6
  MessagePack: f54bf02dd4bc0dbd4ad84134a805a3e4d466c88f

COCOAPODS: 0.32.1
